
Microsoft Visual Studio Solution File, Format Version 12.00
# Visual Studio Version 16
VisualStudioVersion = 16.0.32106.194
MinimumVisualStudioVersion = 10.0.40219.1
Project("{FAE04EC0-301F-11D3-BF4B-00C04F79EFBC}") = "DevIO.AppMvc", "src\DevIO.AppMvc\DevIO.AppMvc.csproj", "{D37531D2-D432-4DF5-B596-BAE7E6528BA1}"
EndProject
Project("{FAE04EC0-301F-11D3-BF4B-00C04F79EFBC}") = "DevIO.Business", "src\DevIO.Business\DevIO.Business.csproj", "{7AA31B5C-2804-4F3C-9C7C-D996D63498E8}"
EndProject
Project("{FAE04EC0-301F-11D3-BF4B-00C04F79EFBC}") = "DevIO.Infra", "src\DevIO.Infra\DevIO.Infra.csproj", "{F491CEAD-8F6A-48AD-9239-9DC4D7F370B1}"
EndProject
Global
	GlobalSection(SolutionConfigurationPlatforms) = preSolution
		Debug|Any CPU = Debug|Any CPU
		Release|Any CPU = Release|Any CPU
	EndGlobalSection
	GlobalSection(ProjectConfigurationPlatforms) = postSolution
		{D37531D2-D432-4DF5-B596-BAE7E6528BA1}.Debug|Any CPU.ActiveCfg = Debug|Any CPU
		{D37531D2-D432-4DF5-B596-BAE7E6528BA1}.Debug|Any CPU.Build.0 = Debug|Any CPU
		{D37531D2-D432-4DF5-B596-BAE7E6528BA1}.Release|Any CPU.ActiveCfg = Release|Any CPU
		{D37531D2-D432-4DF5-B596-BAE7E6528BA1}.Release|Any CPU.Build.0 = Release|Any CPU
		{7AA31B5C-2804-4F3C-9C7C-D996D63498E8}.Debug|Any CPU.ActiveCfg = Debug|Any CPU
		{7AA31B5C-2804-4F3C-9C7C-D996D63498E8}.Debug|Any CPU.Build.0 = Debug|Any CPU
		{7AA31B5C-2804-4F3C-9C7C-D996D63498E8}.Release|Any CPU.ActiveCfg = Release|Any CPU
		{7AA31B5C-2804-4F3C-9C7C-D996D63498E8}.Release|Any CPU.Build.0 = Release|Any CPU
		{F491CEAD-8F6A-48AD-9239-9DC4D7F370B1}.Debug|Any CPU.ActiveCfg = Debug|Any CPU
		{F491CEAD-8F6A-48AD-9239-9DC4D7F370B1}.Debug|Any CPU.Build.0 = Debug|Any CPU
		{F491CEAD-8F6A-48AD-9239-9DC4D7F370B1}.Release|Any CPU.ActiveCfg = Release|Any CPU
		{F491CEAD-8F6A-48AD-9239-9DC4D7F370B1}.Release|Any CPU.Build.0 = Release|Any CPU
	EndGlobalSection
	GlobalSection(SolutionProperties) = preSolution
		HideSolutionNode = FALSE
	EndGlobalSection
	GlobalSection(ExtensibilityGlobals) = postSolution
		SolutionGuid = {EA0364BD-EA0E-4302-B7C3-C9DFBB7E5CEE}
	EndGlobalSection
EndGlobal
